
Microsoft Visual Studio Solution File, Format Version 12.00
# Visual Studio 15
VisualStudioVersion = 15.0.28307.421
MinimumVisualStudioVersion = 10.0.40219.1
Project("{FAE04EC0-301F-11D3-BF4B-00C04F79EFBC}") = "Food Cost", "Store Demo\Food Cost.csproj", "{F882BC44-238B-4168-8E3A-9B360196317C}"
EndProject
Global
	GlobalSection(SolutionConfigurationPlatforms) = preSolution
		Debug|Any CPU = Debug|Any CPU
		Release|Any CPU = Release|Any CPU
	EndGlobalSection
	GlobalSection(ProjectConfigurationPlatforms) = postSolution
		{F882BC44-238B-4168-8E3A-9B360196317C}.Debug|Any CPU.ActiveCfg = Debug|Any CPU
		{F882BC44-238B-4168-8E3A-9B360196317C}.Debug|Any CPU.Build.0 = Debug|Any CPU
		{F882BC44-238B-4168-8E3A-9B360196317C}.Release|Any CPU.ActiveCfg = Release|Any CPU
		{F882BC44-238B-4168-8E3A-9B360196317C}.Release|Any CPU.Build.0 = Release|Any CPU
	EndGlobalSection
	GlobalSection(SolutionProperties) = preSolution
		HideSolutionNode = FALSE
	EndGlobalSection
	GlobalSection(ExtensibilityGlobals) = postSolution
		SolutionGuid = {E775D233-5D0A-4549-BD2C-03EA821BB06B}
	EndGlobalSection
EndGlobal
